
Microsoft Visual Studio Solution File, Format Version 12.00
# Visual Studio Version 17
VisualStudioVersion = 17.13.35818.85
MinimumVisualStudioVersion = 10.0.40219.1
Project("{FAE04EC0-301F-11D3-BF4B-00C04F79EFBC}") = "ClassLibraryDeviders", "ClassLibraryDeviders\ClassLibraryDeviders.csproj", "{3E60A82B-5E51-4BB8-99A4-E0D80E0E9D0C}"
EndProject
Project("{FAE04EC0-301F-11D3-BF4B-00C04F79EFBC}") = "ConsoleAppDeviders", "ConsoleAppDeviders\ConsoleAppDeviders.csproj", "{D79E226D-DD28-4C72-9953-5FB87694E5F4}"
EndProject
Project("{FAE04EC0-301F-11D3-BF4B-00C04F79EFBC}") = "WindowsFormsDeviders", "WindowsFormsDeviders\WindowsFormsDeviders.csproj", "{B57D0A57-860A-4DD0-B35C-16FB83965993}"
EndProject
Project("{FAE04EC0-301F-11D3-BF4B-00C04F79EFBC}") = "ConsoleAppTester", "ConsoleAppTester\ConsoleAppTester.csproj", "{4B927D2D-1B49-4B82-97D1-04BB84413041}"
EndProject
Project("{FAE04EC0-301F-11D3-BF4B-00C04F79EFBC}") = "TestProjectDividers", "TestProjectDeviders\TestProjectDividers.csproj", "{C30DB4FA-0226-4B87-890B-F259DCDDF82D}"
EndProject
Project("{FAE04EC0-301F-11D3-BF4B-00C04F79EFBC}") = "TestProjectDeviders", "TestProjectDeviders\TestProjectDeviders.csproj", "{0584B23D-41EC-4B66-A06A-EED00CCCC078}"
EndProject
Global
	GlobalSection(SolutionConfigurationPlatforms) = preSolution
		Debug|Any CPU = Debug|Any CPU
		Release|Any CPU = Release|Any CPU
	EndGlobalSection
	GlobalSection(ProjectConfigurationPlatforms) = postSolution
		{3E60A82B-5E51-4BB8-99A4-E0D80E0E9D0C}.Debug|Any CPU.ActiveCfg = Debug|Any CPU
		{3E60A82B-5E51-4BB8-99A4-E0D80E0E9D0C}.Debug|Any CPU.Build.0 = Debug|Any CPU
		{3E60A82B-5E51-4BB8-99A4-E0D80E0E9D0C}.Release|Any CPU.ActiveCfg = Release|Any CPU
		{3E60A82B-5E51-4BB8-99A4-E0D80E0E9D0C}.Release|Any CPU.Build.0 = Release|Any CPU
		{D79E226D-DD28-4C72-9953-5FB87694E5F4}.Debug|Any CPU.ActiveCfg = Debug|Any CPU
		{D79E226D-DD28-4C72-9953-5FB87694E5F4}.Debug|Any CPU.Build.0 = Debug|Any CPU
		{D79E226D-DD28-4C72-9953-5FB87694E5F4}.Release|Any CPU.ActiveCfg = Release|Any CPU
		{D79E226D-DD28-4C72-9953-5FB87694E5F4}.Release|Any CPU.Build.0 = Release|Any CPU
		{B57D0A57-860A-4DD0-B35C-16FB83965993}.Debug|Any CPU.ActiveCfg = Debug|Any CPU
		{B57D0A57-860A-4DD0-B35C-16FB83965993}.Debug|Any CPU.Build.0 = Debug|Any CPU
		{B57D0A57-860A-4DD0-B35C-16FB83965993}.Release|Any CPU.ActiveCfg = Release|Any CPU
		{B57D0A57-860A-4DD0-B35C-16FB83965993}.Release|Any CPU.Build.0 = Release|Any CPU
		{4B927D2D-1B49-4B82-97D1-04BB84413041}.Debug|Any CPU.ActiveCfg = Debug|Any CPU
		{4B927D2D-1B49-4B82-97D1-04BB84413041}.Debug|Any CPU.Build.0 = Debug|Any CPU
		{4B927D2D-1B49-4B82-97D1-04BB84413041}.Release|Any CPU.ActiveCfg = Release|Any CPU
		{4B927D2D-1B49-4B82-97D1-04BB84413041}.Release|Any CPU.Build.0 = Release|Any CPU
		{C30DB4FA-0226-4B87-890B-F259DCDDF82D}.Debug|Any CPU.ActiveCfg = Debug|Any CPU
		{C30DB4FA-0226-4B87-890B-F259DCDDF82D}.Debug|Any CPU.Build.0 = Debug|Any CPU
		{C30DB4FA-0226-4B87-890B-F259DCDDF82D}.Release|Any CPU.ActiveCfg = Release|Any CPU
		{C30DB4FA-0226-4B87-890B-F259DCDDF82D}.Release|Any CPU.Build.0 = Release|Any CPU
		{0584B23D-41EC-4B66-A06A-EED00CCCC078}.Debug|Any CPU.ActiveCfg = Debug|Any CPU
		{0584B23D-41EC-4B66-A06A-EED00CCCC078}.Debug|Any CPU.Build.0 = Debug|Any CPU
		{0584B23D-41EC-4B66-A06A-EED00CCCC078}.Release|Any CPU.ActiveCfg = Release|Any CPU
		{0584B23D-41EC-4B66-A06A-EED00CCCC078}.Release|Any CPU.Build.0 = Release|Any CPU
	EndGlobalSection
	GlobalSection(SolutionProperties) = preSolution
		HideSolutionNode = FALSE
	EndGlobalSection
	GlobalSection(ExtensibilityGlobals) = postSolution
		SolutionGuid = {E386BF49-9B45-468C-838A-AC9FD15068AC}
	EndGlobalSection
EndGlobal
